
Microsoft Visual Studio Solution File, Format Version 12.00
# Visual Studio Version 17
VisualStudioVersion = 17.2.32505.173
MinimumVisualStudioVersion = 10.0.40219.1
Project("{8BC9CEB8-8B4A-11D0-8D11-00A0C91BC942}") = "Objeto_Lista", "Objeto_Lista\Objeto_Lista.vcxproj", "{34D272DF-60F4-4933-8036-9853107E2BCA}"
EndProject
Global
	GlobalSection(SolutionConfigurationPlatforms) = preSolution
		Debug|x64 = Debug|x64
		Debug|x86 = Debug|x86
		Release|x64 = Release|x64
		Release|x86 = Release|x86
	EndGlobalSection
	GlobalSection(ProjectConfigurationPlatforms) = postSolution
		{34D272DF-60F4-4933-8036-9853107E2BCA}.Debug|x64.ActiveCfg = Debug|x64
		{34D272DF-60F4-4933-8036-9853107E2BCA}.Debug|x64.Build.0 = Debug|x64
		{34D272DF-60F4-4933-8036-9853107E2BCA}.Debug|x86.ActiveCfg = Debug|Win32
		{34D272DF-60F4-4933-8036-9853107E2BCA}.Debug|x86.Build.0 = Debug|Win32
		{34D272DF-60F4-4933-8036-9853107E2BCA}.Release|x64.ActiveCfg = Release|x64
		{34D272DF-60F4-4933-8036-9853107E2BCA}.Release|x64.Build.0 = Release|x64
		{34D272DF-60F4-4933-8036-9853107E2BCA}.Release|x86.ActiveCfg = Release|Win32
		{34D272DF-60F4-4933-8036-9853107E2BCA}.Release|x86.Build.0 = Release|Win32
	EndGlobalSection
	GlobalSection(SolutionProperties) = preSolution
		HideSolutionNode = FALSE
	EndGlobalSection
	GlobalSection(ExtensibilityGlobals) = postSolution
		SolutionGuid = {864885C3-859C-49D6-9712-8C52CF21F251}
	EndGlobalSection
EndGlobal
